
Microsoft Visual Studio Solution File, Format Version 12.00
# Visual Studio Version 17
VisualStudioVersion = 17.0.31903.59
MinimumVisualStudioVersion = 10.0.40219.1
Project("{FAE04EC0-301F-11D3-BF4B-00C04F79EFBC}") = "Tracker.Domain", "Tracker.Domain\Tracker.Domain.csproj", "{697E7B15-164E-459C-A6A7-265D4D132AFB}"
EndProject
Project("{FAE04EC0-301F-11D3-BF4B-00C04F79EFBC}") = "Tracker.Application", "Tracker.Application\Tracker.Application.csproj", "{580D87D4-51F7-4B53-B397-347AA7D5467F}"
EndProject
Project("{FAE04EC0-301F-11D3-BF4B-00C04F79EFBC}") = "Tracker.Infrastructure", "Tracker.Infrastructure\Tracker.Infrastructure.csproj", "{49028D46-18FC-4FF6-9384-C7FFF3964BD3}"
EndProject
Project("{FAE04EC0-301F-11D3-BF4B-00C04F79EFBC}") = "Tracker.API", "Tracker.API\Tracker.API.csproj", "{6D70D8DA-2434-4062-834F-631F6FB9EFDC}"
EndProject
Global
	GlobalSection(SolutionConfigurationPlatforms) = preSolution
		Debug|Any CPU = Debug|Any CPU
		Debug|x64 = Debug|x64
		Debug|x86 = Debug|x86
		Release|Any CPU = Release|Any CPU
		Release|x64 = Release|x64
		Release|x86 = Release|x86
	EndGlobalSection
	GlobalSection(ProjectConfigurationPlatforms) = postSolution
		{697E7B15-164E-459C-A6A7-265D4D132AFB}.Debug|Any CPU.ActiveCfg = Debug|Any CPU
		{697E7B15-164E-459C-A6A7-265D4D132AFB}.Debug|Any CPU.Build.0 = Debug|Any CPU
		{697E7B15-164E-459C-A6A7-265D4D132AFB}.Debug|x64.ActiveCfg = Debug|Any CPU
		{697E7B15-164E-459C-A6A7-265D4D132AFB}.Debug|x64.Build.0 = Debug|Any CPU
		{697E7B15-164E-459C-A6A7-265D4D132AFB}.Debug|x86.ActiveCfg = Debug|Any CPU
		{697E7B15-164E-459C-A6A7-265D4D132AFB}.Debug|x86.Build.0 = Debug|Any CPU
		{697E7B15-164E-459C-A6A7-265D4D132AFB}.Release|Any CPU.ActiveCfg = Release|Any CPU
		{697E7B15-164E-459C-A6A7-265D4D132AFB}.Release|Any CPU.Build.0 = Release|Any CPU
		{697E7B15-164E-459C-A6A7-265D4D132AFB}.Release|x64.ActiveCfg = Release|Any CPU
		{697E7B15-164E-459C-A6A7-265D4D132AFB}.Release|x64.Build.0 = Release|Any CPU
		{697E7B15-164E-459C-A6A7-265D4D132AFB}.Release|x86.ActiveCfg = Release|Any CPU
		{697E7B15-164E-459C-A6A7-265D4D132AFB}.Release|x86.Build.0 = Release|Any CPU
		{580D87D4-51F7-4B53-B397-347AA7D5467F}.Debug|Any CPU.ActiveCfg = Debug|Any CPU
		{580D87D4-51F7-4B53-B397-347AA7D5467F}.Debug|Any CPU.Build.0 = Debug|Any CPU
		{580D87D4-51F7-4B53-B397-347AA7D5467F}.Debug|x64.ActiveCfg = Debug|Any CPU
		{580D87D4-51F7-4B53-B397-347AA7D5467F}.Debug|x64.Build.0 = Debug|Any CPU
		{580D87D4-51F7-4B53-B397-347AA7D5467F}.Debug|x86.ActiveCfg = Debug|Any CPU
		{580D87D4-51F7-4B53-B397-347AA7D5467F}.Debug|x86.Build.0 = Debug|Any CPU
		{580D87D4-51F7-4B53-B397-347AA7D5467F}.Release|Any CPU.ActiveCfg = Release|Any CPU
		{580D87D4-51F7-4B53-B397-347AA7D5467F}.Release|Any CPU.Build.0 = Release|Any CPU
		{580D87D4-51F7-4B53-B397-347AA7D5467F}.Release|x64.ActiveCfg = Release|Any CPU
		{580D87D4-51F7-4B53-B397-347AA7D5467F}.Release|x64.Build.0 = Release|Any CPU
		{580D87D4-51F7-4B53-B397-347AA7D5467F}.Release|x86.ActiveCfg = Release|Any CPU
		{580D87D4-51F7-4B53-B397-347AA7D5467F}.Release|x86.Build.0 = Release|Any CPU
		{49028D46-18FC-4FF6-9384-C7FFF3964BD3}.Debug|Any CPU.ActiveCfg = Debug|Any CPU
		{49028D46-18FC-4FF6-9384-C7FFF3964BD3}.Debug|Any CPU.Build.0 = Debug|Any CPU
		{49028D46-18FC-4FF6-9384-C7FFF3964BD3}.Debug|x64.ActiveCfg = Debug|Any CPU
		{49028D46-18FC-4FF6-9384-C7FFF3964BD3}.Debug|x64.Build.0 = Debug|Any CPU
		{49028D46-18FC-4FF6-9384-C7FFF3964BD3}.Debug|x86.ActiveCfg = Debug|Any CPU
		{49028D46-18FC-4FF6-9384-C7FFF3964BD3}.Debug|x86.Build.0 = Debug|Any CPU
		{49028D46-18FC-4FF6-9384-C7FFF3964BD3}.Release|Any CPU.ActiveCfg = Release|Any CPU
		{49028D46-18FC-4FF6-9384-C7FFF3964BD3}.Release|Any CPU.Build.0 = Release|Any CPU
		{49028D46-18FC-4FF6-9384-C7FFF3964BD3}.Release|x64.ActiveCfg = Release|Any CPU
		{49028D46-18FC-4FF6-9384-C7FFF3964BD3}.Release|x64.Build.0 = Release|Any CPU
		{49028D46-18FC-4FF6-9384-C7FFF3964BD3}.Release|x86.ActiveCfg = Release|Any CPU
		{49028D46-18FC-4FF6-9384-C7FFF3964BD3}.Release|x86.Build.0 = Release|Any CPU
		{6D70D8DA-2434-4062-834F-631F6FB9EFDC}.Debug|Any CPU.ActiveCfg = Debug|Any CPU
		{6D70D8DA-2434-4062-834F-631F6FB9EFDC}.Debug|Any CPU.Build.0 = Debug|Any CPU
		{6D70D8DA-2434-4062-834F-631F6FB9EFDC}.Debug|x64.ActiveCfg = Debug|Any CPU
		{6D70D8DA-2434-4062-834F-631F6FB9EFDC}.Debug|x64.Build.0 = Debug|Any CPU
		{6D70D8DA-2434-4062-834F-631F6FB9EFDC}.Debug|x86.ActiveCfg = Debug|Any CPU
		{6D70D8DA-2434-4062-834F-631F6FB9EFDC}.Debug|x86.Build.0 = Debug|Any CPU
		{6D70D8DA-2434-4062-834F-631F6FB9EFDC}.Release|Any CPU.ActiveCfg = Release|Any CPU
		{6D70D8DA-2434-4062-834F-631F6FB9EFDC}.Release|Any CPU.Build.0 = Release|Any CPU
		{6D70D8DA-2434-4062-834F-631F6FB9EFDC}.Release|x64.ActiveCfg = Release|Any CPU
		{6D70D8DA-2434-4062-834F-631F6FB9EFDC}.Release|x64.Build.0 = Release|Any CPU
		{6D70D8DA-2434-4062-834F-631F6FB9EFDC}.Release|x86.ActiveCfg = Release|Any CPU
		{6D70D8DA-2434-4062-834F-631F6FB9EFDC}.Release|x86.Build.0 = Release|Any CPU
	EndGlobalSection
	GlobalSection(SolutionProperties) = preSolution
		HideSolutionNode = FALSE
	EndGlobalSection
EndGlobal
